// !$*UTF8*$!
{
	archiveVersion = 1;
	classes = {
	};
	objectVersion = 46;
	objects = {

/* Begin PBXBuildFile section */
		242CB5FE1B76B90800FE5B08 /* VendorController.m in Sources */ = {isa = PBXBuildFile; fileRef = 242CB5FD1B76B90800FE5B08 /* VendorController.m */; };
		242CB6011B76BDCB00FE5B08 /* Event.m in Sources */ = {isa = PBXBuildFile; fileRef = 242CB6001B76BDCB00FE5B08 /* Event.m */; };
		242CB6041B76BDE300FE5B08 /* Vendor.m in Sources */ = {isa = PBXBuildFile; fileRef = 242CB6031B76BDE300FE5B08 /* Vendor.m */; };
		242CB6071B76C7AD00FE5B08 /* EventController.m in Sources */ = {isa = PBXBuildFile; fileRef = 242CB6061B76C7AD00FE5B08 /* EventController.m */; };
		2CB13E111B76B45500F2D4AA /* main.m in Sources */ = {isa = PBXBuildFile; fileRef = 2CB13E101B76B45500F2D4AA /* main.m */; };
		2CB13E141B76B45500F2D4AA /* AppDelegate.m in Sources */ = {isa = PBXBuildFile; fileRef = 2CB13E131B76B45500F2D4AA /* AppDelegate.m */; };
		2CB13E171B76B45500F2D4AA /* VendorListViewController.m in Sources */ = {isa = PBXBuildFile; fileRef = 2CB13E161B76B45500F2D4AA /* VendorListViewController.m */; };
		2CB13E1A1B76B45500F2D4AA /* Main.storyboard in Resources */ = {isa = PBXBuildFile; fileRef = 2CB13E181B76B45500F2D4AA /* Main.storyboard */; };
		2CB13E1C1B76B45500F2D4AA /* Images.xcassets in Resources */ = {isa = PBXBuildFile; fileRef = 2CB13E1B1B76B45500F2D4AA /* Images.xcassets */; };
		2CB13E1F1B76B45500F2D4AA /* LaunchScreen.xib in Resources */ = {isa = PBXBuildFile; fileRef = 2CB13E1D1B76B45500F2D4AA /* LaunchScreen.xib */; };
		2CB13E2B1B76B45500F2D4AA /* FestivusTests.m in Sources */ = {isa = PBXBuildFile; fileRef = 2CB13E2A1B76B45500F2D4AA /* FestivusTests.m */; };
		68717A3B1B76BE9900F38821 /* EventListViewController.m in Sources */ = {isa = PBXBuildFile; fileRef = 68717A3A1B76BE9900F38821 /* EventListViewController.m */; };
		68717A411B76BF1700F38821 /* MusicEventDataSource.m in Sources */ = {isa = PBXBuildFile; fileRef = 68717A401B76BF1700F38821 /* MusicEventDataSource.m */; };
		68717A441B76BF3000F38821 /* WorkshopEventDataSource.m in Sources */ = {isa = PBXBuildFile; fileRef = 68717A431B76BF3000F38821 /* WorkshopEventDataSource.m */; };
		68717A4D1B76C11A00F38821 /* VendorDetailTableViewController.m in Sources */ = {isa = PBXBuildFile; fileRef = 68717A4C1B76C11A00F38821 /* VendorDetailTableViewController.m */; };
		68717A501B76C13100F38821 /* EventDetailTableViewController.m in Sources */ = {isa = PBXBuildFile; fileRef = 68717A4F1B76C13100F38821 /* EventDetailTableViewController.m */; };
		68717A561B76C19B00F38821 /* DonateTableViewController.m in Sources */ = {isa = PBXBuildFile; fileRef = 68717A551B76C19B00F38821 /* DonateTableViewController.m */; };
/* End PBXBuildFile section */

/* Begin PBXContainerItemProxy section */
		2CB13E251B76B45500F2D4AA /* PBXContainerItemProxy */ = {
			isa = PBXContainerItemProxy;
			containerPortal = 2CB13E031B76B45500F2D4AA /* Project object */;
			proxyType = 1;
			remoteGlobalIDString = 2CB13E0A1B76B45500F2D4AA;
			remoteInfo = Festivus;
		};
/* End PBXContainerItemProxy section */

/* Begin PBXFileReference section */
		242CB5FC1B76B90800FE5B08 /* VendorController.h */ = {isa = PBXFileReference; fileEncoding = 4; lastKnownFileType = sourcecode.c.h; name = VendorController.h; path = ../VendorController.h; sourceTree = "<group>"; };
		242CB5FD1B76B90800FE5B08 /* VendorController.m */ = {isa = PBXFileReference; fileEncoding = 4; lastKnownFileType = sourcecode.c.objc; name = VendorController.m; path = ../VendorController.m; sourceTree = "<group>"; };
		242CB5FF1B76BDCA00FE5B08 /* Event.h */ = {isa = PBXFileReference; fileEncoding = 4; lastKnownFileType = sourcecode.c.h; path = Event.h; sourceTree = "<group>"; };
		242CB6001B76BDCB00FE5B08 /* Event.m */ = {isa = PBXFileReference; fileEncoding = 4; lastKnownFileType = sourcecode.c.objc; path = Event.m; sourceTree = "<group>"; };
		242CB6021B76BDE300FE5B08 /* Vendor.h */ = {isa = PBXFileReference; fileEncoding = 4; lastKnownFileType = sourcecode.c.h; path = Vendor.h; sourceTree = "<group>"; };
		242CB6031B76BDE300FE5B08 /* Vendor.m */ = {isa = PBXFileReference; fileEncoding = 4; lastKnownFileType = sourcecode.c.objc; path = Vendor.m; sourceTree = "<group>"; };
		242CB6051B76C7AD00FE5B08 /* EventController.h */ = {isa = PBXFileReference; fileEncoding = 4; lastKnownFileType = sourcecode.c.h; path = EventController.h; sourceTree = "<group>"; };
		242CB6061B76C7AD00FE5B08 /* EventController.m */ = {isa = PBXFileReference; fileEncoding = 4; lastKnownFileType = sourcecode.c.objc; path = EventController.m; sourceTree = "<group>"; };
		2CB13E0B1B76B45500F2D4AA /* Festivus.app */ = {isa = PBXFileReference; explicitFileType = wrapper.application; includeInIndex = 0; path = Festivus.app; sourceTree = BUILT_PRODUCTS_DIR; };
		2CB13E0F1B76B45500F2D4AA /* Info.plist */ = {isa = PBXFileReference; lastKnownFileType = text.plist.xml; path = Info.plist; sourceTree = "<group>"; };
		2CB13E101B76B45500F2D4AA /* main.m */ = {isa = PBXFileReference; lastKnownFileType = sourcecode.c.objc; path = main.m; sourceTree = "<group>"; };
		2CB13E121B76B45500F2D4AA /* AppDelegate.h */ = {isa = PBXFileReference; lastKnownFileType = sourcecode.c.h; path = AppDelegate.h; sourceTree = "<group>"; };
		2CB13E131B76B45500F2D4AA /* AppDelegate.m */ = {isa = PBXFileReference; lastKnownFileType = sourcecode.c.objc; path = AppDelegate.m; sourceTree = "<group>"; };
		2CB13E151B76B45500F2D4AA /* VendorListViewController.h */ = {isa = PBXFileReference; lastKnownFileType = sourcecode.c.h; path = VendorListViewController.h; sourceTree = "<group>"; };
		2CB13E161B76B45500F2D4AA /* VendorListViewController.m */ = {isa = PBXFileReference; lastKnownFileType = sourcecode.c.objc; path = VendorListViewController.m; sourceTree = "<group>"; };
		2CB13E191B76B45500F2D4AA /* Base */ = {isa = PBXFileReference; lastKnownFileType = file.storyboard; name = Base; path = Base.lproj/Main.storyboard; sourceTree = "<group>"; };
		2CB13E1B1B76B45500F2D4AA /* Images.xcassets */ = {isa = PBXFileReference; lastKnownFileType = folder.assetcatalog; path = Images.xcassets; sourceTree = "<group>"; };
		2CB13E1E1B76B45500F2D4AA /* Base */ = {isa = PBXFileReference; lastKnownFileType = file.xib; name = Base; path = Base.lproj/LaunchScreen.xib; sourceTree = "<group>"; };
		2CB13E241B76B45500F2D4AA /* FestivusTests.xctest */ = {isa = PBXFileReference; explicitFileType = wrapper.cfbundle; includeInIndex = 0; path = FestivusTests.xctest; sourceTree = BUILT_PRODUCTS_DIR; };
		2CB13E291B76B45500F2D4AA /* Info.plist */ = {isa = PBXFileReference; lastKnownFileType = text.plist.xml; path = Info.plist; sourceTree = "<group>"; };
		2CB13E2A1B76B45500F2D4AA /* FestivusTests.m */ = {isa = PBXFileReference; lastKnownFileType = sourcecode.c.objc; path = FestivusTests.m; sourceTree = "<group>"; };
		68717A391B76BE9900F38821 /* EventListViewController.h */ = {isa = PBXFileReference; fileEncoding = 4; lastKnownFileType = sourcecode.c.h; path = EventListViewController.h; sourceTree = "<group>"; };
		68717A3A1B76BE9900F38821 /* EventListViewController.m */ = {isa = PBXFileReference; fileEncoding = 4; lastKnownFileType = sourcecode.c.objc; path = EventListViewController.m; sourceTree = "<group>"; };
		68717A3F1B76BF1700F38821 /* MusicEventDataSource.h */ = {isa = PBXFileReference; fileEncoding = 4; lastKnownFileType = sourcecode.c.h; path = MusicEventDataSource.h; sourceTree = "<group>"; };
		68717A401B76BF1700F38821 /* MusicEventDataSource.m */ = {isa = PBXFileReference; fileEncoding = 4; lastKnownFileType = sourcecode.c.objc; path = MusicEventDataSource.m; sourceTree = "<group>"; };
		68717A421B76BF3000F38821 /* WorkshopEventDataSource.h */ = {isa = PBXFileReference; fileEncoding = 4; lastKnownFileType = sourcecode.c.h; path = WorkshopEventDataSource.h; sourceTree = "<group>"; };
		68717A431B76BF3000F38821 /* WorkshopEventDataSource.m */ = {isa = PBXFileReference; fileEncoding = 4; lastKnownFileType = sourcecode.c.objc; path = WorkshopEventDataSource.m; sourceTree = "<group>"; };
		68717A4B1B76C11A00F38821 /* VendorDetailTableViewController.h */ = {isa = PBXFileReference; fileEncoding = 4; lastKnownFileType = sourcecode.c.h; path = VendorDetailTableViewController.h; sourceTree = "<group>"; };
		68717A4C1B76C11A00F38821 /* VendorDetailTableViewController.m */ = {isa = PBXFileReference; fileEncoding = 4; lastKnownFileType = sourcecode.c.objc; path = VendorDetailTableViewController.m; sourceTree = "<group>"; };
		68717A4E1B76C13100F38821 /* EventDetailTableViewController.h */ = {isa = PBXFileReference; fileEncoding = 4; lastKnownFileType = sourcecode.c.h; path = EventDetailTableViewController.h; sourceTree = "<group>"; };
		68717A4F1B76C13100F38821 /* EventDetailTableViewController.m */ = {isa = PBXFileReference; fileEncoding = 4; lastKnownFileType = sourcecode.c.objc; path = EventDetailTableViewController.m; sourceTree = "<group>"; };
		68717A541B76C19B00F38821 /* DonateTableViewController.h */ = {isa = PBXFileReference; fileEncoding = 4; lastKnownFileType = sourcecode.c.h; path = DonateTableViewController.h; sourceTree = "<group>"; };
		68717A551B76C19B00F38821 /* DonateTableViewController.m */ = {isa = PBXFileReference; fileEncoding = 4; lastKnownFileType = sourcecode.c.objc; path = DonateTableViewController.m; sourceTree = "<group>"; };
/* End PBXFileReference section */

/* Begin PBXFrameworksBuildPhase section */
		2CB13E081B76B45500F2D4AA /* Frameworks */ = {
			isa = PBXFrameworksBuildPhase;
			buildActionMask = 2147483647;
			files = (
			);
			runOnlyForDeploymentPostprocessing = 0;
		};
		2CB13E211B76B45500F2D4AA /* Frameworks */ = {
			isa = PBXFrameworksBuildPhase;
			buildActionMask = 2147483647;
			files = (
			);
			runOnlyForDeploymentPostprocessing = 0;
		};
/* End PBXFrameworksBuildPhase section */

/* Begin PBXGroup section */
		2CB13E021B76B45500F2D4AA = {
			isa = PBXGroup;
			children = (
				2CB13E0D1B76B45500F2D4AA /* Festivus */,
				2CB13E271B76B45500F2D4AA /* FestivusTests */,
				2CB13E0C1B76B45500F2D4AA /* Products */,
			);
			sourceTree = "<group>";
		};
		2CB13E0C1B76B45500F2D4AA /* Products */ = {
			isa = PBXGroup;
			children = (
				2CB13E0B1B76B45500F2D4AA /* Festivus.app */,
				2CB13E241B76B45500F2D4AA /* FestivusTests.xctest */,
			);
			name = Products;
			sourceTree = "<group>";
		};
		2CB13E0D1B76B45500F2D4AA /* Festivus */ = {
			isa = PBXGroup;
			children = (
				242CB6051B76C7AD00FE5B08 /* EventController.h */,
				242CB6061B76C7AD00FE5B08 /* EventController.m */,
				242CB5FC1B76B90800FE5B08 /* VendorController.h */,
				242CB5FD1B76B90800FE5B08 /* VendorController.m */,
				242CB5FF1B76BDCA00FE5B08 /* Event.h */,
				242CB6001B76BDCB00FE5B08 /* Event.m */,
				242CB6021B76BDE300FE5B08 /* Vendor.h */,
				242CB6031B76BDE300FE5B08 /* Vendor.m */,
				2CB13E121B76B45500F2D4AA /* AppDelegate.h */,
				2CB13E131B76B45500F2D4AA /* AppDelegate.m */,
				2CB13E151B76B45500F2D4AA /* VendorListViewController.h */,
				2CB13E161B76B45500F2D4AA /* VendorListViewController.m */,
				68717A4B1B76C11A00F38821 /* VendorDetailTableViewController.h */,
				68717A4C1B76C11A00F38821 /* VendorDetailTableViewController.m */,
				68717A391B76BE9900F38821 /* EventListViewController.h */,
				68717A3A1B76BE9900F38821 /* EventListViewController.m */,
				68717A4E1B76C13100F38821 /* EventDetailTableViewController.h */,
				68717A4F1B76C13100F38821 /* EventDetailTableViewController.m */,
				68717A3F1B76BF1700F38821 /* MusicEventDataSource.h */,
				68717A401B76BF1700F38821 /* MusicEventDataSource.m */,
				68717A421B76BF3000F38821 /* WorkshopEventDataSource.h */,
				68717A431B76BF3000F38821 /* WorkshopEventDataSource.m */,
				68717A541B76C19B00F38821 /* DonateTableViewController.h */,
				68717A551B76C19B00F38821 /* DonateTableViewController.m */,
				2CB13E181B76B45500F2D4AA /* Main.storyboard */,
				2CB13E1B1B76B45500F2D4AA /* Images.xcassets */,
				2CB13E1D1B76B45500F2D4AA /* LaunchScreen.xib */,
				2CB13E0E1B76B45500F2D4AA /* Supporting Files */,
			);
			path = Festivus;
			sourceTree = "<group>";
		};
		2CB13E0E1B76B45500F2D4AA /* Supporting Files */ = {
			isa = PBXGroup;
			children = (
				2CB13E0F1B76B45500F2D4AA /* Info.plist */,
				2CB13E101B76B45500F2D4AA /* main.m */,
			);
			name = "Supporting Files";
			sourceTree = "<group>";
		};
		2CB13E271B76B45500F2D4AA /* FestivusTests */ = {
			isa = PBXGroup;
			children = (
				2CB13E2A1B76B45500F2D4AA /* FestivusTests.m */,
				2CB13E281B76B45500F2D4AA /* Supporting Files */,
			);
			path = FestivusTests;
			sourceTree = "<group>";
		};
		2CB13E281B76B45500F2D4AA /* Supporting Files */ = {
			isa = PBXGroup;
			children = (
				2CB13E291B76B45500F2D4AA /* Info.plist */,
			);
			name = "Supporting Files";
			sourceTree = "<group>";
		};
/* End PBXGroup section */

/* Begin PBXNativeTarget section */
		2CB13E0A1B76B45500F2D4AA /* Festivus */ = {
			isa = PBXNativeTarget;
			buildConfigurationList = 2CB13E2E1B76B45500F2D4AA /* Build configuration list for PBXNativeTarget "Festivus" */;
			buildPhases = (
				2CB13E071B76B45500F2D4AA /* Sources */,
				2CB13E081B76B45500F2D4AA /* Frameworks */,
				2CB13E091B76B45500F2D4AA /* Resources */,
			);
			buildRules = (
			);
			dependencies = (
			);
			name = Festivus;
			productName = Festivus;
			productReference = 2CB13E0B1B76B45500F2D4AA /* Festivus.app */;
			productType = "com.apple.product-type.application";
		};
		2CB13E231B76B45500F2D4AA /* FestivusTests */ = {
			isa = PBXNativeTarget;
			buildConfigurationList = 2CB13E311B76B45500F2D4AA /* Build configuration list for PBXNativeTarget "FestivusTests" */;
			buildPhases = (
				2CB13E201B76B45500F2D4AA /* Sources */,
				2CB13E211B76B45500F2D4AA /* Frameworks */,
				2CB13E221B76B45500F2D4AA /* Resources */,
			);
			buildRules = (
			);
			dependencies = (
				2CB13E261B76B45500F2D4AA /* PBXTargetDependency */,
			);
			name = FestivusTests;
			productName = FestivusTests;
			productReference = 2CB13E241B76B45500F2D4AA /* FestivusTests.xctest */;
			productType = "com.apple.product-type.bundle.unit-test";
		};
/* End PBXNativeTarget section */

/* Begin PBXProject section */
		2CB13E031B76B45500F2D4AA /* Project object */ = {
			isa = PBXProject;
			attributes = {
				LastUpgradeCheck = 0640;
				ORGANIZATIONNAME = "Alan Barth";
				TargetAttributes = {
					2CB13E0A1B76B45500F2D4AA = {
						CreatedOnToolsVersion = 6.4;
					};
					2CB13E231B76B45500F2D4AA = {
						CreatedOnToolsVersion = 6.4;
						TestTargetID = 2CB13E0A1B76B45500F2D4AA;
					};
				};
			};
			buildConfigurationList = 2CB13E061B76B45500F2D4AA /* Build configuration list for PBXProject "Festivus" */;
			compatibilityVersion = "Xcode 3.2";
			developmentRegion = English;
			hasScannedForEncodings = 0;
			knownRegions = (
				en,
				Base,
			);
			mainGroup = 2CB13E021B76B45500F2D4AA;
			productRefGroup = 2CB13E0C1B76B45500F2D4AA /* Products */;
			projectDirPath = "";
			projectRoot = "";
			targets = (
				2CB13E0A1B76B45500F2D4AA /* Festivus */,
				2CB13E231B76B45500F2D4AA /* FestivusTests */,
			);
		};
/* End PBXProject section */

/* Begin PBXResourcesBuildPhase section */
		2CB13E091B76B45500F2D4AA /* Resources */ = {
			isa = PBXResourcesBuildPhase;
			buildActionMask = 2147483647;
			files = (
				2CB13E1A1B76B45500F2D4AA /* Main.storyboard in Resources */,
				2CB13E1F1B76B45500F2D4AA /* LaunchScreen.xib in Resources */,
				2CB13E1C1B76B45500F2D4AA /* Images.xcassets in Resources */,
			);
			runOnlyForDeploymentPostprocessing = 0;
		};
		2CB13E221B76B45500F2D4AA /* Resources */ = {
			isa = PBXResourcesBuildPhase;
			buildActionMask = 2147483647;
			files = (
			);
			runOnlyForDeploymentPostprocessing = 0;
		};
/* End PBXResourcesBuildPhase section */

/* Begin PBXSourcesBuildPhase section */
		2CB13E071B76B45500F2D4AA /* Sources */ = {
			isa = PBXSourcesBuildPhase;
			buildActionMask = 2147483647;
			files = (
				2CB13E171B76B45500F2D4AA /* VendorListViewController.m in Sources */,
				68717A441B76BF3000F38821 /* WorkshopEventDataSource.m in Sources */,
				68717A501B76C13100F38821 /* EventDetailTableViewController.m in Sources */,
				68717A561B76C19B00F38821 /* DonateTableViewController.m in Sources */,
				2CB13E141B76B45500F2D4AA /* AppDelegate.m in Sources */,
				68717A4D1B76C11A00F38821 /* VendorDetailTableViewController.m in Sources */,
				68717A3B1B76BE9900F38821 /* EventListViewController.m in Sources */,
				2CB13E111B76B45500F2D4AA /* main.m in Sources */,
				68717A411B76BF1700F38821 /* MusicEventDataSource.m in Sources */,
			);
			runOnlyForDeploymentPostprocessing = 0;
		};
		2CB13E201B76B45500F2D4AA /* Sources */ = {
			isa = PBXSourcesBuildPhase;
			buildActionMask = 2147483647;
			files = (
				2CB13E2B1B76B45500F2D4AA /* FestivusTests.m in Sources */,
			);
			runOnlyForDeploymentPostprocessing = 0;
		};
/* End PBXSourcesBuildPhase section */

/* Begin PBXTargetDependency section */
		2CB13E261B76B45500F2D4AA /* PBXTargetDependency */ = {
			isa = PBXTargetDependency;
			target = 2CB13E0A1B76B45500F2D4AA /* Festivus */;
			targetProxy = 2CB13E251B76B45500F2D4AA /* PBXContainerItemProxy */;
		};
/* End PBXTargetDependency section */

/* Begin PBXVariantGroup section */
		2CB13E181B76B45500F2D4AA /* Main.storyboard */ = {
			isa = PBXVariantGroup;
			children = (
				2CB13E191B76B45500F2D4AA /* Base */,
			);
			name = Main.storyboard;
			sourceTree = "<group>";
		};
		2CB13E1D1B76B45500F2D4AA /* LaunchScreen.xib */ = {
			isa = PBXVariantGroup;
			children = (
				2CB13E1E1B76B45500F2D4AA /* Base */,
			);
			name = LaunchScreen.xib;
			sourceTree = "<group>";
		};
/* End PBXVariantGroup section */

/* Begin XCBuildConfiguration section */
		2CB13E2C1B76B45500F2D4AA /* Debug */ = {
			isa = XCBuildConfiguration;
			buildSettings = {
				ALWAYS_SEARCH_USER_PATHS = NO;
				CLANG_CXX_LANGUAGE_STANDARD = "gnu++0x";
				CLANG_CXX_LIBRARY = "libc++";
				CLANG_ENABLE_MODULES = YES;
				CLANG_ENABLE_OBJC_ARC = YES;
				CLANG_WARN_BOOL_CONVERSION = YES;
				CLANG_WARN_CONSTANT_CONVERSION = YES;
				CLANG_WARN_DIRECT_OBJC_ISA_USAGE = YES_ERROR;
				CLANG_WARN_EMPTY_BODY = YES;
				CLANG_WARN_ENUM_CONVERSION = YES;
				CLANG_WARN_INT_CONVERSION = YES;
				CLANG_WARN_OBJC_ROOT_CLASS = YES_ERROR;
				CLANG_WARN_UNREACHABLE_CODE = YES;
				CLANG_WARN__DUPLICATE_METHOD_MATCH = YES;
				"CODE_SIGN_IDENTITY[sdk=iphoneos*]" = "iPhone Developer";
				COPY_PHASE_STRIP = NO;
				DEBUG_INFORMATION_FORMAT = "dwarf-with-dsym";
				ENABLE_STRICT_OBJC_MSGSEND = YES;
				GCC_C_LANGUAGE_STANDARD = gnu99;
				GCC_DYNAMIC_NO_PIC = NO;
				GCC_NO_COMMON_BLOCKS = YES;
				GCC_OPTIMIZATION_LEVEL = 0;
				GCC_PREPROCESSOR_DEFINITIONS = (
					"DEBUG=1",
					"$(inherited)",
				);
				GCC_SYMBOLS_PRIVATE_EXTERN = NO;
				GCC_WARN_64_TO_32_BIT_CONVERSION = YES;
				GCC_WARN_ABOUT_RETURN_TYPE = YES_ERROR;
				GCC_WARN_UNDECLARED_SELECTOR = YES;
				GCC_WARN_UNINITIALIZED_AUTOS = YES_AGGRESSIVE;
				GCC_WARN_UNUSED_FUNCTION = YES;
				GCC_WARN_UNUSED_VARIABLE = YES;
				IPHONEOS_DEPLOYMENT_TARGET = 8.4;
				MTL_ENABLE_DEBUG_INFO = YES;
				ONLY_ACTIVE_ARCH = YES;
				SDKROOT = iphoneos;
			};
			name = Debug;
		};
		2CB13E2D1B76B45500F2D4AA /* Release */ = {
			isa = XCBuildConfiguration;
			buildSettings = {
				ALWAYS_SEARCH_USER_PATHS = NO;
				CLANG_CXX_LANGUAGE_STANDARD = "gnu++0x";
				CLANG_CXX_LIBRARY = "libc++";
				CLANG_ENABLE_MODULES = YES;
				CLANG_ENABLE_OBJC_ARC = YES;
				CLANG_WARN_BOOL_CONVERSION = YES;
				CLANG_WARN_CONSTANT_CONVERSION = YES;
				CLANG_WARN_DIRECT_OBJC_ISA_USAGE = YES_ERROR;
				CLANG_WARN_EMPTY_BODY = YES;
				CLANG_WARN_ENUM_CONVERSION = YES;
				CLANG_WARN_INT_CONVERSION = YES;
				CLANG_WARN_OBJC_ROOT_CLASS = YES_ERROR;
				CLANG_WARN_UNREACHABLE_CODE = YES;
				CLANG_WARN__DUPLICATE_METHOD_MATCH = YES;
				"CODE_SIGN_IDENTITY[sdk=iphoneos*]" = "iPhone Developer";
				COPY_PHASE_STRIP = NO;
				DEBUG_INFORMATION_FORMAT = "dwarf-with-dsym";
				ENABLE_NS_ASSERTIONS = NO;
				ENABLE_STRICT_OBJC_MSGSEND = YES;
				GCC_C_LANGUAGE_STANDARD = gnu99;
				GCC_NO_COMMON_BLOCKS = YES;
				GCC_WARN_64_TO_32_BIT_CONVERSION = YES;
				GCC_WARN_ABOUT_RETURN_TYPE = YES_ERROR;
				GCC_WARN_UNDECLARED_SELECTOR = YES;
				GCC_WARN_UNINITIALIZED_AUTOS = YES_AGGRESSIVE;
				GCC_WARN_UNUSED_FUNCTION = YES;
				GCC_WARN_UNUSED_VARIABLE = YES;
				IPHONEOS_DEPLOYMENT_TARGET = 8.4;
				MTL_ENABLE_DEBUG_INFO = NO;
				SDKROOT = iphoneos;
				VALIDATE_PRODUCT = YES;
			};
			name = Release;
		};
		2CB13E2F1B76B45500F2D4AA /* Debug */ = {
			isa = XCBuildConfiguration;
			buildSettings = {
				ASSETCATALOG_COMPILER_APPICON_NAME = AppIcon;
				INFOPLIST_FILE = Festivus/Info.plist;
				LD_RUNPATH_SEARCH_PATHS = "$(inherited) @executable_path/Frameworks";
				PRODUCT_NAME = "$(TARGET_NAME)";
			};
			name = Debug;
		};
		2CB13E301B76B45500F2D4AA /* Release */ = {
			isa = XCBuildConfiguration;
			buildSettings = {
				ASSETCATALOG_COMPILER_APPICON_NAME = AppIcon;
				INFOPLIST_FILE = Festivus/Info.plist;
				LD_RUNPATH_SEARCH_PATHS = "$(inherited) @executable_path/Frameworks";
				PRODUCT_NAME = "$(TARGET_NAME)";
			};
			name = Release;
		};
		2CB13E321B76B45500F2D4AA /* Debug */ = {
			isa = XCBuildConfiguration;
			buildSettings = {
				BUNDLE_LOADER = "$(TEST_HOST)";
				FRAMEWORK_SEARCH_PATHS = (
					"$(SDKROOT)/Developer/Library/Frameworks",
					"$(inherited)",
				);
				GCC_PREPROCESSOR_DEFINITIONS = (
					"DEBUG=1",
					"$(inherited)",
				);
				INFOPLIST_FILE = FestivusTests/Info.plist;
				LD_RUNPATH_SEARCH_PATHS = "$(inherited) @executable_path/Frameworks @loader_path/Frameworks";
				PRODUCT_NAME = "$(TARGET_NAME)";
				TEST_HOST = "$(BUILT_PRODUCTS_DIR)/Festivus.app/Festivus";
			};
			name = Debug;
		};
		2CB13E331B76B45500F2D4AA /* Release */ = {
			isa = XCBuildConfiguration;
			buildSettings = {
				BUNDLE_LOADER = "$(TEST_HOST)";
				FRAMEWORK_SEARCH_PATHS = (
					"$(SDKROOT)/Developer/Library/Frameworks",
					"$(inherited)",
				);
				INFOPLIST_FILE = FestivusTests/Info.plist;
				LD_RUNPATH_SEARCH_PATHS = "$(inherited) @executable_path/Frameworks @loader_path/Frameworks";
				PRODUCT_NAME = "$(TARGET_NAME)";
				TEST_HOST = "$(BUILT_PRODUCTS_DIR)/Festivus.app/Festivus";
			};
			name = Release;
		};
/* End XCBuildConfiguration section */

/* Begin XCConfigurationList section */
		2CB13E061B76B45500F2D4AA /* Build configuration list for PBXProject "Festivus" */ = {
			isa = XCConfigurationList;
			buildConfigurations = (
				2CB13E2C1B76B45500F2D4AA /* Debug */,
				2CB13E2D1B76B45500F2D4AA /* Release */,
			);
			defaultConfigurationIsVisible = 0;
			defaultConfigurationName = Release;
		};
		2CB13E2E1B76B45500F2D4AA /* Build configuration list for PBXNativeTarget "Festivus" */ = {
			isa = XCConfigurationList;
			buildConfigurations = (
				2CB13E2F1B76B45500F2D4AA /* Debug */,
				2CB13E301B76B45500F2D4AA /* Release */,
			);
			defaultConfigurationIsVisible = 0;
			defaultConfigurationName = Release;
		};
		2CB13E311B76B45500F2D4AA /* Build configuration list for PBXNativeTarget "FestivusTests" */ = {
			isa = XCConfigurationList;
			buildConfigurations = (
				2CB13E321B76B45500F2D4AA /* Debug */,
				2CB13E331B76B45500F2D4AA /* Release */,
			);
			defaultConfigurationIsVisible = 0;
			defaultConfigurationName = Release;
		};
/* End XCConfigurationList section */
	};
	rootObject = 2CB13E031B76B45500F2D4AA /* Project object */;
}
